
Microsoft Visual Studio Solution File, Format Version 12.00
# Visual Studio Version 17
VisualStudioVersion = 17.3.32804.467
MinimumVisualStudioVersion = 10.0.40219.1
Project("{FAE04EC0-301F-11D3-BF4B-00C04F79EFBC}") = "JHACodingChallenge", "JHACodingChallenge\JHACodingChallenge.csproj", "{58014196-9D9F-47A2-B95D-92697E2C5BA4}"
EndProject
Project("{FAE04EC0-301F-11D3-BF4B-00C04F79EFBC}") = "JHACodingChallenge.Tests", "JHACodingChallenge.Tests\JHACodingChallenge.Tests.csproj", "{78885A24-768F-48AE-9D0D-2A71C65EFDF8}"
EndProject
Global
	GlobalSection(SolutionConfigurationPlatforms) = preSolution
		Debug|Any CPU = Debug|Any CPU
		Release|Any CPU = Release|Any CPU
	EndGlobalSection
	GlobalSection(ProjectConfigurationPlatforms) = postSolution
		{58014196-9D9F-47A2-B95D-92697E2C5BA4}.Debug|Any CPU.ActiveCfg = Debug|Any CPU
		{58014196-9D9F-47A2-B95D-92697E2C5BA4}.Debug|Any CPU.Build.0 = Debug|Any CPU
		{58014196-9D9F-47A2-B95D-92697E2C5BA4}.Release|Any CPU.ActiveCfg = Release|Any CPU
		{58014196-9D9F-47A2-B95D-92697E2C5BA4}.Release|Any CPU.Build.0 = Release|Any CPU
		{78885A24-768F-48AE-9D0D-2A71C65EFDF8}.Debug|Any CPU.ActiveCfg = Debug|Any CPU
		{78885A24-768F-48AE-9D0D-2A71C65EFDF8}.Debug|Any CPU.Build.0 = Debug|Any CPU
		{78885A24-768F-48AE-9D0D-2A71C65EFDF8}.Release|Any CPU.ActiveCfg = Release|Any CPU
		{78885A24-768F-48AE-9D0D-2A71C65EFDF8}.Release|Any CPU.Build.0 = Release|Any CPU
	EndGlobalSection
	GlobalSection(SolutionProperties) = preSolution
		HideSolutionNode = FALSE
	EndGlobalSection
	GlobalSection(ExtensibilityGlobals) = postSolution
		SolutionGuid = {4DF09B9F-0294-41BA-8167-A51A409D79FC}
	EndGlobalSection
EndGlobal
